{
  "lockfile_version": "1",
  "packages": {
    "glibcLocales@latest": {
      "last_modified": "2024-10-13T23:44:06Z",
      "resolved": "github:NixOS/nixpkgs/d4f247e89f6e10120f911e2e2d2254a050d0f732#glibcLocales",
      "source": "devbox-search",
      "version": "2.40-36",
      "systems": {
        "aarch64-linux": {
          "outputs": [
            {
              "name": "out",
              "path": "/nix/store/nscqaw8kyv5470vspm7zjacc5vmpa1mq-glibc-locales-2.40-36",
              "default": true
            }
          ],
          "store_path": "/nix/store/nscqaw8kyv5470vspm7zjacc5vmpa1mq-glibc-locales-2.40-36"
        },
        "x86_64-linux": {
          "outputs": [
            {
              "name": "out",
              "path": "/nix/store/px8cvmxycca75kfbk5w4anlnqkbip773-glibc-locales-2.40-36",
              "default": true
            }
          ],
          "store_path": "/nix/store/px8cvmxycca75kfbk5w4anlnqkbip773-glibc-locales-2.40-36"
        }
      }
    },
    "postgresql@latest": {
      "last_modified": "2024-10-18T15:35:18Z",
      "plugin_version": "0.0.2",
      "resolved": "github:NixOS/nixpkgs/ccc0c2126893dd20963580b6478d1a10a4512185#postgresql",
      "source": "devbox-search",
      "version": "16.4",
      "systems": {
        "aarch64-darwin": {
          "outputs": [
            {
              "name": "out",
              "path": "/nix/store/6dzxj78wph840cpwslh96s4gpm0iwch2-postgresql-16.4",
              "default": true
            },
            {
              "name": "man",
              "path": "/nix/store/z1n2vh799a5icpaxbrjfqsasagb276bk-postgresql-16.4-man",
              "default": true
            },
            {
              "name": "dev",
              "path": "/nix/store/afjpl8ilq8s6j6zh4qqyy6mxz3v2xbav-postgresql-16.4-dev"
            },
            {
              "name": "doc",
              "path": "/nix/store/ry9d9by692xj92y5b9j6z0aa5y3lh3px-postgresql-16.4-doc"
            },
            {
              "name": "lib",
              "path": "/nix/store/d1im42w02x8gl2y380r4hgj8xgkkkbwc-postgresql-16.4-lib"
            }
          ],
          "store_path": "/nix/store/6dzxj78wph840cpwslh96s4gpm0iwch2-postgresql-16.4"
        },
        "aarch64-linux": {
          "outputs": [
            {
              "name": "out",
              "path": "/nix/store/37r0vmsb8xd1kv3wjd99kr59q99ja3g0-postgresql-16.4",
              "default": true
            },
            {
              "name": "man",
              "path": "/nix/store/mawnv85hv5y64csbmpgrnz88j7r8cby5-postgresql-16.4-man",
              "default": true
            },
            {
              "name": "dev",
              "path": "/nix/store/ibhwvhq4gkdibkfrkqg9vmip9mhhrg2q-postgresql-16.4-dev"
            },
            {
              "name": "doc",
              "path": "/nix/store/rmvkab0pxjjjznk350syr3gzpa13dz1k-postgresql-16.4-doc"
            },
            {
              "name": "lib",
              "path": "/nix/store/39mnmp40qhpq2h6r3cj66s23sb5fkzr6-postgresql-16.4-lib"
            },
            {
              "name": "debug",
              "path": "/nix/store/71hz4hv1n6ivymbzd0jm3a61cyj9fwh5-postgresql-16.4-debug"
            }
          ],
          "store_path": "/nix/store/37r0vmsb8xd1kv3wjd99kr59q99ja3g0-postgresql-16.4"
        },
        "x86_64-darwin": {
          "outputs": [
            {
              "name": "out",
              "path": "/nix/store/vlgydd1rakmw9j14i8dgrlhzj4pa82vi-postgresql-16.4",
              "default": true
            },
            {
              "name": "man",
              "path": "/nix/store/2wm2caki07a557z97228n2zxrd3a8j4b-postgresql-16.4-man",
              "default": true
            },
            {
              "name": "dev",
              "path": "/nix/store/96nxx00m06jl2jmvb16916l2rpwb13hk-postgresql-16.4-dev"
            },
            {
              "name": "doc",
              "path": "/nix/store/r03r96a44grl85sflw6hvwwlrzr32rk9-postgresql-16.4-doc"
            },
            {
              "name": "lib",
              "path": "/nix/store/cy3q9y20jwk1vkd6jxf3mnq6xzbb9dn8-postgresql-16.4-lib"
            }
          ],
          "store_path": "/nix/store/vlgydd1rakmw9j14i8dgrlhzj4pa82vi-postgresql-16.4"
        },
        "x86_64-linux": {
          "outputs": [
            {
              "name": "out",
              "path": "/nix/store/mjjfx6yyaaba5hmv6bga20m8fxrca93l-postgresql-16.4",
              "default": true
            },
            {
              "name": "man",
              "path": "/nix/store/b8cvsw47h2487y4j805zi0645x3ajh1i-postgresql-16.4-man",
              "default": true
            },
            {
              "name": "dev",
              "path": "/nix/store/pqya8lq5jyplfmbmafrrwsrsi07d5ssn-postgresql-16.4-dev"
            },
            {
              "name": "doc",
              "path": "/nix/store/apbxfs52v8im9725mn2f1jhgbdfggrpd-postgresql-16.4-doc"
            },
            {
              "name": "lib",
              "path": "/nix/store/32cprs7xwxvb0rw2imfrgy5vcacc27hc-postgresql-16.4-lib"
            },
            {
              "name": "debug",
              "path": "/nix/store/alcnsd7fkkr3iipvcn9gzsyv16kab6m9-postgresql-16.4-debug"
            }
          ],
          "store_path": "/nix/store/mjjfx6yyaaba5hmv6bga20m8fxrca93l-postgresql-16.4"
        }
      }
    }
  }
}
